// !$*UTF8*$!
{
	archiveVersion = 1;
	classes = {
	};
	objectVersion = 50;
	objects = {

/* Begin PBXBuildFile section */
		0D8E7BDF3E94F8540ACDF11F /* Pods_TabMenu.framework in Frameworks */ = {isa = PBXBuildFile; fileRef = 5D7D69A00A57351B3D32BC47 /* Pods_TabMenu.framework */; };
		D99149D421FD4BBC00B9C223 /* SideMenuControllerConfigs.swift in Sources */ = {isa = PBXBuildFile; fileRef = D99149CE21FD4BBB00B9C223 /* SideMenuControllerConfigs.swift */; };
		D99149D521FD4BBC00B9C223 /* TransitionContext.swift in Sources */ = {isa = PBXBuildFile; fileRef = D99149CF21FD4BBB00B9C223 /* TransitionContext.swift */; };
		D99149D621FD4BBC00B9C223 /* BasicTransitionAnimator.swift in Sources */ = {isa = PBXBuildFile; fileRef = D99149D021FD4BBB00B9C223 /* BasicTransitionAnimator.swift */; };
		D99149D721FD4BBC00B9C223 /* SideMenuControllerDelegate.swift in Sources */ = {isa = PBXBuildFile; fileRef = D99149D121FD4BBB00B9C223 /* SideMenuControllerDelegate.swift */; };
		D99149D821FD4BBC00B9C223 /* SideMenuController.swift in Sources */ = {isa = PBXBuildFile; fileRef = D99149D221FD4BBC00B9C223 /* SideMenuController.swift */; };
		D99149F721FD4BE000B9C223 /* UIViewController+SideMenu.swift in Sources */ = {isa = PBXBuildFile; fileRef = D99149F321FD4BDF00B9C223 /* UIViewController+SideMenu.swift */; };
		D99149F821FD4BE000B9C223 /* UIView+Container.swift in Sources */ = {isa = PBXBuildFile; fileRef = D99149F421FD4BDF00B9C223 /* UIView+Container.swift */; };
		D99149F921FD4BE000B9C223 /* UIViewController+Container.swift in Sources */ = {isa = PBXBuildFile; fileRef = D99149F521FD4BDF00B9C223 /* UIViewController+Container.swift */; };
		D99149FA21FD4BE000B9C223 /* StatusBar.swift in Sources */ = {isa = PBXBuildFile; fileRef = D99149F621FD4BDF00B9C223 /* StatusBar.swift */; };
		D99149FE21FF518400B9C223 /* ThemeManager.swift in Sources */ = {isa = PBXBuildFile; fileRef = D99149FD21FF518400B9C223 /* ThemeManager.swift */; };
		D9914A0222004EC900B9C223 /* WorkWithOtherViewController.swift in Sources */ = {isa = PBXBuildFile; fileRef = D9914A0122004EC900B9C223 /* WorkWithOtherViewController.swift */; };
		D9914A042200516400B9C223 /* OtherExampleViewController.swift in Sources */ = {isa = PBXBuildFile; fileRef = D9914A032200516400B9C223 /* OtherExampleViewController.swift */; };
		D9914A06220056AE00B9C223 /* SideMenuNavigationController.swift in Sources */ = {isa = PBXBuildFile; fileRef = D9914A05220056AE00B9C223 /* SideMenuNavigationController.swift */; };
		D9B7815F21CB6DE100BC156E /* AppDelegate.swift in Sources */ = {isa = PBXBuildFile; fileRef = D9B7815E21CB6DE100BC156E /* AppDelegate.swift */; };
		D9B7816121CB6DE100BC156E /* PreferencesViewController.swift in Sources */ = {isa = PBXBuildFile; fileRef = D9B7816021CB6DE100BC156E /* PreferencesViewController.swift */; };
		D9B7816621CB6DE200BC156E /* Assets.xcassets in Resources */ = {isa = PBXBuildFile; fileRef = D9B7816521CB6DE200BC156E /* Assets.xcassets */; };
		D9B7816921CB6DE200BC156E /* LaunchScreen.storyboard in Resources */ = {isa = PBXBuildFile; fileRef = D9B7816721CB6DE200BC156E /* LaunchScreen.storyboard */; };
		D9B7817121CB700100BC156E /* LeftTabMenuViewController.swift in Sources */ = {isa = PBXBuildFile; fileRef = D9B7817021CB700000BC156E /* LeftTabMenuViewController.swift */; };
/* End PBXBuildFile section */

/* Begin PBXFileReference section */
		5BF08404DBF165DFAE7BFF35 /* Pods-TabMenu.release.xcconfig */ = {isa = PBXFileReference; includeInIndex = 1; lastKnownFileType = text.xcconfig; name = "Pods-TabMenu.release.xcconfig"; path = "Pods/Target Support Files/Pods-TabMenu/Pods-TabMenu.release.xcconfig"; sourceTree = "<group>"; };
		5D7D69A00A57351B3D32BC47 /* Pods_TabMenu.framework */ = {isa = PBXFileReference; explicitFileType = wrapper.framework; includeInIndex = 0; path = Pods_TabMenu.framework; sourceTree = BUILT_PRODUCTS_DIR; };
		D99149CE21FD4BBB00B9C223 /* SideMenuControllerConfigs.swift */ = {isa = PBXFileReference; fileEncoding = 4; lastKnownFileType = sourcecode.swift; path = SideMenuControllerConfigs.swift; sourceTree = "<group>"; };
		D99149CF21FD4BBB00B9C223 /* TransitionContext.swift */ = {isa = PBXFileReference; fileEncoding = 4; lastKnownFileType = sourcecode.swift; path = TransitionContext.swift; sourceTree = "<group>"; };
		D99149D021FD4BBB00B9C223 /* BasicTransitionAnimator.swift */ = {isa = PBXFileReference; fileEncoding = 4; lastKnownFileType = sourcecode.swift; path = BasicTransitionAnimator.swift; sourceTree = "<group>"; };
		D99149D121FD4BBB00B9C223 /* SideMenuControllerDelegate.swift */ = {isa = PBXFileReference; fileEncoding = 4; lastKnownFileType = sourcecode.swift; path = SideMenuControllerDelegate.swift; sourceTree = "<group>"; };
		D99149D221FD4BBC00B9C223 /* SideMenuController.swift */ = {isa = PBXFileReference; fileEncoding = 4; lastKnownFileType = sourcecode.swift; path = SideMenuController.swift; sourceTree = "<group>"; };
		D99149F321FD4BDF00B9C223 /* UIViewController+SideMenu.swift */ = {isa = PBXFileReference; fileEncoding = 4; lastKnownFileType = sourcecode.swift; path = "UIViewController+SideMenu.swift"; sourceTree = "<group>"; };
		D99149F421FD4BDF00B9C223 /* UIView+Container.swift */ = {isa = PBXFileReference; fileEncoding = 4; lastKnownFileType = sourcecode.swift; path = "UIView+Container.swift"; sourceTree = "<group>"; };
		D99149F521FD4BDF00B9C223 /* UIViewController+Container.swift */ = {isa = PBXFileReference; fileEncoding = 4; lastKnownFileType = sourcecode.swift; path = "UIViewController+Container.swift"; sourceTree = "<group>"; };
		D99149F621FD4BDF00B9C223 /* StatusBar.swift */ = {isa = PBXFileReference; fileEncoding = 4; lastKnownFileType = sourcecode.swift; path = StatusBar.swift; sourceTree = "<group>"; };
		D99149FD21FF518400B9C223 /* ThemeManager.swift */ = {isa = PBXFileReference; fileEncoding = 4; lastKnownFileType = sourcecode.swift; path = ThemeManager.swift; sourceTree = "<group>"; };
		D9914A0122004EC900B9C223 /* WorkWithOtherViewController.swift */ = {isa = PBXFileReference; lastKnownFileType = sourcecode.swift; path = WorkWithOtherViewController.swift; sourceTree = "<group>"; };
		D9914A032200516400B9C223 /* OtherExampleViewController.swift */ = {isa = PBXFileReference; lastKnownFileType = sourcecode.swift; path = OtherExampleViewController.swift; sourceTree = "<group>"; };
		D9914A05220056AE00B9C223 /* SideMenuNavigationController.swift */ = {isa = PBXFileReference; fileEncoding = 4; lastKnownFileType = sourcecode.swift; path = SideMenuNavigationController.swift; sourceTree = "<group>"; };
		D9B7815B21CB6DE100BC156E /* TabMenu.app */ = {isa = PBXFileReference; explicitFileType = wrapper.application; includeInIndex = 0; path = TabMenu.app; sourceTree = BUILT_PRODUCTS_DIR; };
		D9B7815E21CB6DE100BC156E /* AppDelegate.swift */ = {isa = PBXFileReference; lastKnownFileType = sourcecode.swift; path = AppDelegate.swift; sourceTree = "<group>"; };
		D9B7816021CB6DE100BC156E /* PreferencesViewController.swift */ = {isa = PBXFileReference; lastKnownFileType = sourcecode.swift; path = PreferencesViewController.swift; sourceTree = "<group>"; };
		D9B7816521CB6DE200BC156E /* Assets.xcassets */ = {isa = PBXFileReference; lastKnownFileType = folder.assetcatalog; path = Assets.xcassets; sourceTree = "<group>"; };
		D9B7816821CB6DE200BC156E /* Base */ = {isa = PBXFileReference; lastKnownFileType = file.storyboard; name = Base; path = Base.lproj/LaunchScreen.storyboard; sourceTree = "<group>"; };
		D9B7816A21CB6DE200BC156E /* Info.plist */ = {isa = PBXFileReference; lastKnownFileType = text.plist.xml; path = Info.plist; sourceTree = "<group>"; };
		D9B7817021CB700000BC156E /* LeftTabMenuViewController.swift */ = {isa = PBXFileReference; fileEncoding = 4; lastKnownFileType = sourcecode.swift; path = LeftTabMenuViewController.swift; sourceTree = "<group>"; };
		DEE2E442A607153835380D00 /* Pods-TabMenu.debug.xcconfig */ = {isa = PBXFileReference; includeInIndex = 1; lastKnownFileType = text.xcconfig; name = "Pods-TabMenu.debug.xcconfig"; path = "Pods/Target Support Files/Pods-TabMenu/Pods-TabMenu.debug.xcconfig"; sourceTree = "<group>"; };
/* End PBXFileReference section */

/* Begin PBXFrameworksBuildPhase section */
		D9B7815821CB6DE100BC156E /* Frameworks */ = {
			isa = PBXFrameworksBuildPhase;
			buildActionMask = 2147483647;
			files = (
				0D8E7BDF3E94F8540ACDF11F /* Pods_TabMenu.framework in Frameworks */,
			);
			runOnlyForDeploymentPostprocessing = 0;
		};
/* End PBXFrameworksBuildPhase section */

/* Begin PBXGroup section */
		09771D520C1C1691F0D8F7D4 /* Pods */ = {
			isa = PBXGroup;
			children = (
				DEE2E442A607153835380D00 /* Pods-TabMenu.debug.xcconfig */,
				5BF08404DBF165DFAE7BFF35 /* Pods-TabMenu.release.xcconfig */,
			);
			name = Pods;
			sourceTree = "<group>";
		};
		23300B29C7CE91831681D5FB /* Frameworks */ = {
			isa = PBXGroup;
			children = (
				5D7D69A00A57351B3D32BC47 /* Pods_TabMenu.framework */,
			);
			name = Frameworks;
			sourceTree = "<group>";
		};
		D99149CD21FD4BA500B9C223 /* SideMenu */ = {
			isa = PBXGroup;
			children = (
				D99149FD21FF518400B9C223 /* ThemeManager.swift */,
				D99149F221FD4BD700B9C223 /* Extensions */,
				D99149D221FD4BBC00B9C223 /* SideMenuController.swift */,
				D99149CE21FD4BBB00B9C223 /* SideMenuControllerConfigs.swift */,
				D99149D121FD4BBB00B9C223 /* SideMenuControllerDelegate.swift */,
				D99149CF21FD4BBB00B9C223 /* TransitionContext.swift */,
				D99149D021FD4BBB00B9C223 /* BasicTransitionAnimator.swift */,
				D9914A05220056AE00B9C223 /* SideMenuNavigationController.swift */,
			);
			path = SideMenu;
			sourceTree = "<group>";
		};
		D99149F221FD4BD700B9C223 /* Extensions */ = {
			isa = PBXGroup;
			children = (
				D99149F621FD4BDF00B9C223 /* StatusBar.swift */,
				D99149F421FD4BDF00B9C223 /* UIView+Container.swift */,
				D99149F521FD4BDF00B9C223 /* UIViewController+Container.swift */,
				D99149F321FD4BDF00B9C223 /* UIViewController+SideMenu.swift */,
			);
			path = Extensions;
			sourceTree = "<group>";
		};
		D9B7815221CB6DE100BC156E = {
			isa = PBXGroup;
			children = (
				D9B7815D21CB6DE100BC156E /* TabMenu */,
				D9B7815C21CB6DE100BC156E /* Products */,
				09771D520C1C1691F0D8F7D4 /* Pods */,
				23300B29C7CE91831681D5FB /* Frameworks */,
			);
			sourceTree = "<group>";
		};
		D9B7815C21CB6DE100BC156E /* Products */ = {
			isa = PBXGroup;
			children = (
				D9B7815B21CB6DE100BC156E /* TabMenu.app */,
			);
			name = Products;
			sourceTree = "<group>";
		};
		D9B7815D21CB6DE100BC156E /* TabMenu */ = {
			isa = PBXGroup;
			children = (
				D99149CD21FD4BA500B9C223 /* SideMenu */,
				D9B7815E21CB6DE100BC156E /* AppDelegate.swift */,
				D9B7817021CB700000BC156E /* LeftTabMenuViewController.swift */,
				D9B7816021CB6DE100BC156E /* PreferencesViewController.swift */,
				D9914A0122004EC900B9C223 /* WorkWithOtherViewController.swift */,
				D9914A032200516400B9C223 /* OtherExampleViewController.swift */,
				D9B7816521CB6DE200BC156E /* Assets.xcassets */,
				D9B7816721CB6DE200BC156E /* LaunchScreen.storyboard */,
				D9B7816A21CB6DE200BC156E /* Info.plist */,
			);
			path = TabMenu;
			sourceTree = "<group>";
		};
/* End PBXGroup section */

/* Begin PBXNativeTarget section */
		D9B7815A21CB6DE100BC156E /* TabMenu */ = {
			isa = PBXNativeTarget;
			buildConfigurationList = D9B7816D21CB6DE200BC156E /* Build configuration list for PBXNativeTarget "TabMenu" */;
			buildPhases = (
				319444E98EA79E3E1D601402 /* [CP] Check Pods Manifest.lock */,
				D9B7815721CB6DE100BC156E /* Sources */,
				D9B7815821CB6DE100BC156E /* Frameworks */,
				D9B7815921CB6DE100BC156E /* Resources */,
				08EE43EFD5B889B1F1312307 /* [CP] Embed Pods Frameworks */,
			);
			buildRules = (
			);
			dependencies = (
			);
			name = TabMenu;
			productName = TabMenu;
			productReference = D9B7815B21CB6DE100BC156E /* TabMenu.app */;
			productType = "com.apple.product-type.application";
		};
/* End PBXNativeTarget section */

/* Begin PBXProject section */
		D9B7815321CB6DE100BC156E /* Project object */ = {
			isa = PBXProject;
			attributes = {
				LastSwiftUpdateCheck = 1010;
				LastUpgradeCheck = 1010;
				ORGANIZATIONNAME = dragonetail;
				TargetAttributes = {
					D9B7815A21CB6DE100BC156E = {
						CreatedOnToolsVersion = 10.1;
					};
				};
			};
			buildConfigurationList = D9B7815621CB6DE100BC156E /* Build configuration list for PBXProject "TabMenu" */;
			compatibilityVersion = "Xcode 9.3";
			developmentRegion = en;
			hasScannedForEncodings = 0;
			knownRegions = (
				en,
				Base,
			);
			mainGroup = D9B7815221CB6DE100BC156E;
			productRefGroup = D9B7815C21CB6DE100BC156E /* Products */;
			projectDirPath = "";
			projectRoot = "";
			targets = (
				D9B7815A21CB6DE100BC156E /* TabMenu */,
			);
		};
/* End PBXProject section */

/* Begin PBXResourcesBuildPhase section */
		D9B7815921CB6DE100BC156E /* Resources */ = {
			isa = PBXResourcesBuildPhase;
			buildActionMask = 2147483647;
			files = (
				D9B7816921CB6DE200BC156E /* LaunchScreen.storyboard in Resources */,
				D9B7816621CB6DE200BC156E /* Assets.xcassets in Resources */,
			);
			runOnlyForDeploymentPostprocessing = 0;
		};
/* End PBXResourcesBuildPhase section */

/* Begin PBXShellScriptBuildPhase section */
		08EE43EFD5B889B1F1312307 /* [CP] Embed Pods Frameworks */ = {
			isa = PBXShellScriptBuildPhase;
			buildActionMask = 2147483647;
			files = (
			);
			inputFileListPaths = (
			);
			inputPaths = (
				"${SRCROOT}/Pods/Target Support Files/Pods-TabMenu/Pods-TabMenu-frameworks.sh",
				"${BUILT_PRODUCTS_DIR}/ObjcExceptionBridging/ObjcExceptionBridging.framework",
				"${BUILT_PRODUCTS_DIR}/PureLayout/PureLayout.framework",
				"${BUILT_PRODUCTS_DIR}/SwiftBaseBootstrap/SwiftBaseBootstrap.framework",
				"${BUILT_PRODUCTS_DIR}/XCGLogger/XCGLogger.framework",
			);
			name = "[CP] Embed Pods Frameworks";
			outputFileListPaths = (
			);
			outputPaths = (
				"${TARGET_BUILD_DIR}/${FRAMEWORKS_FOLDER_PATH}/ObjcExceptionBridging.framework",
				"${TARGET_BUILD_DIR}/${FRAMEWORKS_FOLDER_PATH}/PureLayout.framework",
				"${TARGET_BUILD_DIR}/${FRAMEWORKS_FOLDER_PATH}/SwiftBaseBootstrap.framework",
				"${TARGET_BUILD_DIR}/${FRAMEWORKS_FOLDER_PATH}/XCGLogger.framework",
			);
			runOnlyForDeploymentPostprocessing = 0;
			shellPath = /bin/sh;
			shellScript = "\"${SRCROOT}/Pods/Target Support Files/Pods-TabMenu/Pods-TabMenu-frameworks.sh\"\n";
			showEnvVarsInLog = 0;
		};
		319444E98EA79E3E1D601402 /* [CP] Check Pods Manifest.lock */ = {
			isa = PBXShellScriptBuildPhase;
			buildActionMask = 2147483647;
			files = (
			);
			inputFileListPaths = (
			);
			inputPaths = (
				"${PODS_PODFILE_DIR_PATH}/Podfile.lock",
				"${PODS_ROOT}/Manifest.lock",
			);
			name = "[CP] Check Pods Manifest.lock";
			outputFileListPaths = (
			);
			outputPaths = (
				"$(DERIVED_FILE_DIR)/Pods-TabMenu-checkManifestLockResult.txt",
			);
			runOnlyForDeploymentPostprocessing = 0;
			shellPath = /bin/sh;
			shellScript = "diff \"${PODS_PODFILE_DIR_PATH}/Podfile.lock\" \"${PODS_ROOT}/Manifest.lock\" > /dev/null\nif [ $? != 0 ] ; then\n    # print error to STDERR\n    echo \"error: The sandbox is not in sync with the Podfile.lock. Run 'pod install' or update your CocoaPods installation.\" >&2\n    exit 1\nfi\n# This output is used by Xcode 'outputs' to avoid re-running this script phase.\necho \"SUCCESS\" > \"${SCRIPT_OUTPUT_FILE_0}\"\n";
			showEnvVarsInLog = 0;
		};
/* End PBXShellScriptBuildPhase section */

/* Begin PBXSourcesBuildPhase section */
		D9B7815721CB6DE100BC156E /* Sources */ = {
			isa = PBXSourcesBuildPhase;
			buildActionMask = 2147483647;
			files = (
				D9B7816121CB6DE100BC156E /* PreferencesViewController.swift in Sources */,
				D99149D821FD4BBC00B9C223 /* SideMenuController.swift in Sources */,
				D99149F821FD4BE000B9C223 /* UIView+Container.swift in Sources */,
				D9B7815F21CB6DE100BC156E /* AppDelegate.swift in Sources */,
				D99149F921FD4BE000B9C223 /* UIViewController+Container.swift in Sources */,
				D99149D621FD4BBC00B9C223 /* BasicTransitionAnimator.swift in Sources */,
				D99149FE21FF518400B9C223 /* ThemeManager.swift in Sources */,
				D99149D721FD4BBC00B9C223 /* SideMenuControllerDelegate.swift in Sources */,
				D99149D421FD4BBC00B9C223 /* SideMenuControllerConfigs.swift in Sources */,
				D99149F721FD4BE000B9C223 /* UIViewController+SideMenu.swift in Sources */,
				D9914A042200516400B9C223 /* OtherExampleViewController.swift in Sources */,
				D9914A06220056AE00B9C223 /* SideMenuNavigationController.swift in Sources */,
				D9B7817121CB700100BC156E /* LeftTabMenuViewController.swift in Sources */,
				D99149FA21FD4BE000B9C223 /* StatusBar.swift in Sources */,
				D9914A0222004EC900B9C223 /* WorkWithOtherViewController.swift in Sources */,
				D99149D521FD4BBC00B9C223 /* TransitionContext.swift in Sources */,
			);
			runOnlyForDeploymentPostprocessing = 0;
		};
/* End PBXSourcesBuildPhase section */

/* Begin PBXVariantGroup section */
		D9B7816721CB6DE200BC156E /* LaunchScreen.storyboard */ = {
			isa = PBXVariantGroup;
			children = (
				D9B7816821CB6DE200BC156E /* Base */,
			);
			name = LaunchScreen.storyboard;
			sourceTree = "<group>";
		};
/* End PBXVariantGroup section */

/* Begin XCBuildConfiguration section */
		D9B7816B21CB6DE200BC156E /* Debug */ = {
			isa = XCBuildConfiguration;
			buildSettings = {
				ALWAYS_SEARCH_USER_PATHS = NO;
				CLANG_ANALYZER_NONNULL = YES;
				CLANG_ANALYZER_NUMBER_OBJECT_CONVERSION = YES_AGGRESSIVE;
				CLANG_CXX_LANGUAGE_STANDARD = "gnu++14";
				CLANG_CXX_LIBRARY = "libc++";
				CLANG_ENABLE_MODULES = YES;
				CLANG_ENABLE_OBJC_ARC = YES;
				CLANG_ENABLE_OBJC_WEAK = YES;
				CLANG_WARN_BLOCK_CAPTURE_AUTORELEASING = YES;
				CLANG_WARN_BOOL_CONVERSION = YES;
				CLANG_WARN_COMMA = YES;
				CLANG_WARN_CONSTANT_CONVERSION = YES;
				CLANG_WARN_DEPRECATED_OBJC_IMPLEMENTATIONS = YES;
				CLANG_WARN_DIRECT_OBJC_ISA_USAGE = YES_ERROR;
				CLANG_WARN_DOCUMENTATION_COMMENTS = YES;
				CLANG_WARN_EMPTY_BODY = YES;
				CLANG_WARN_ENUM_CONVERSION = YES;
				CLANG_WARN_INFINITE_RECURSION = YES;
				CLANG_WARN_INT_CONVERSION = YES;
				CLANG_WARN_NON_LITERAL_NULL_CONVERSION = YES;
				CLANG_WARN_OBJC_IMPLICIT_RETAIN_SELF = YES;
				CLANG_WARN_OBJC_LITERAL_CONVERSION = YES;
				CLANG_WARN_OBJC_ROOT_CLASS = YES_ERROR;
				CLANG_WARN_RANGE_LOOP_ANALYSIS = YES;
				CLANG_WARN_STRICT_PROTOTYPES = YES;
				CLANG_WARN_SUSPICIOUS_MOVE = YES;
				CLANG_WARN_UNGUARDED_AVAILABILITY = YES_AGGRESSIVE;
				CLANG_WARN_UNREACHABLE_CODE = YES;
				CLANG_WARN__DUPLICATE_METHOD_MATCH = YES;
				CODE_SIGN_IDENTITY = "iPhone Developer";
				COPY_PHASE_STRIP = NO;
				DEBUG_INFORMATION_FORMAT = dwarf;
				ENABLE_STRICT_OBJC_MSGSEND = YES;
				ENABLE_TESTABILITY = YES;
				GCC_C_LANGUAGE_STANDARD = gnu11;
				GCC_DYNAMIC_NO_PIC = NO;
				GCC_NO_COMMON_BLOCKS = YES;
				GCC_OPTIMIZATION_LEVEL = 0;
				GCC_PREPROCESSOR_DEFINITIONS = (
					"DEBUG=1",
					"$(inherited)",
				);
				GCC_WARN_64_TO_32_BIT_CONVERSION = YES;
				GCC_WARN_ABOUT_RETURN_TYPE = YES_ERROR;
				GCC_WARN_UNDECLARED_SELECTOR = YES;
				GCC_WARN_UNINITIALIZED_AUTOS = YES_AGGRESSIVE;
				GCC_WARN_UNUSED_FUNCTION = YES;
				GCC_WARN_UNUSED_VARIABLE = YES;
				IPHONEOS_DEPLOYMENT_TARGET = 12.1;
				MTL_ENABLE_DEBUG_INFO = INCLUDE_SOURCE;
				MTL_FAST_MATH = YES;
				ONLY_ACTIVE_ARCH = YES;
				SDKROOT = iphoneos;
				SWIFT_ACTIVE_COMPILATION_CONDITIONS = DEBUG;
				SWIFT_OPTIMIZATION_LEVEL = "-Onone";
			};
			name = Debug;
		};
		D9B7816C21CB6DE200BC156E /* Release */ = {
			isa = XCBuildConfiguration;
			buildSettings = {
				ALWAYS_SEARCH_USER_PATHS = NO;
				CLANG_ANALYZER_NONNULL = YES;
				CLANG_ANALYZER_NUMBER_OBJECT_CONVERSION = YES_AGGRESSIVE;
				CLANG_CXX_LANGUAGE_STANDARD = "gnu++14";
				CLANG_CXX_LIBRARY = "libc++";
				CLANG_ENABLE_MODULES = YES;
				CLANG_ENABLE_OBJC_ARC = YES;
				CLANG_ENABLE_OBJC_WEAK = YES;
				CLANG_WARN_BLOCK_CAPTURE_AUTORELEASING = YES;
				CLANG_WARN_BOOL_CONVERSION = YES;
				CLANG_WARN_COMMA = YES;
				CLANG_WARN_CONSTANT_CONVERSION = YES;
				CLANG_WARN_DEPRECATED_OBJC_IMPLEMENTATIONS = YES;
				CLANG_WARN_DIRECT_OBJC_ISA_USAGE = YES_ERROR;
				CLANG_WARN_DOCUMENTATION_COMMENTS = YES;
				CLANG_WARN_EMPTY_BODY = YES;
				CLANG_WARN_ENUM_CONVERSION = YES;
				CLANG_WARN_INFINITE_RECURSION = YES;
				CLANG_WARN_INT_CONVERSION = YES;
				CLANG_WARN_NON_LITERAL_NULL_CONVERSION = YES;
				CLANG_WARN_OBJC_IMPLICIT_RETAIN_SELF = YES;
				CLANG_WARN_OBJC_LITERAL_CONVERSION = YES;
				CLANG_WARN_OBJC_ROOT_CLASS = YES_ERROR;
				CLANG_WARN_RANGE_LOOP_ANALYSIS = YES;
				CLANG_WARN_STRICT_PROTOTYPES = YES;
				CLANG_WARN_SUSPICIOUS_MOVE = YES;
				CLANG_WARN_UNGUARDED_AVAILABILITY = YES_AGGRESSIVE;
				CLANG_WARN_UNREACHABLE_CODE = YES;
				CLANG_WARN__DUPLICATE_METHOD_MATCH = YES;
				CODE_SIGN_IDENTITY = "iPhone Developer";
				COPY_PHASE_STRIP = NO;
				DEBUG_INFORMATION_FORMAT = "dwarf-with-dsym";
				ENABLE_NS_ASSERTIONS = NO;
				ENABLE_STRICT_OBJC_MSGSEND = YES;
				GCC_C_LANGUAGE_STANDARD = gnu11;
				GCC_NO_COMMON_BLOCKS = YES;
				GCC_WARN_64_TO_32_BIT_CONVERSION = YES;
				GCC_WARN_ABOUT_RETURN_TYPE = YES_ERROR;
				GCC_WARN_UNDECLARED_SELECTOR = YES;
				GCC_WARN_UNINITIALIZED_AUTOS = YES_AGGRESSIVE;
				GCC_WARN_UNUSED_FUNCTION = YES;
				GCC_WARN_UNUSED_VARIABLE = YES;
				IPHONEOS_DEPLOYMENT_TARGET = 12.1;
				MTL_ENABLE_DEBUG_INFO = NO;
				MTL_FAST_MATH = YES;
				SDKROOT = iphoneos;
				SWIFT_COMPILATION_MODE = wholemodule;
				SWIFT_OPTIMIZATION_LEVEL = "-O";
				VALIDATE_PRODUCT = YES;
			};
			name = Release;
		};
		D9B7816E21CB6DE200BC156E /* Debug */ = {
			isa = XCBuildConfiguration;
			baseConfigurationReference = DEE2E442A607153835380D00 /* Pods-TabMenu.debug.xcconfig */;
			buildSettings = {
				ASSETCATALOG_COMPILER_APPICON_NAME = AppIcon;
				CODE_SIGN_STYLE = Automatic;
				DEVELOPMENT_TEAM = 7G352XQC3N;
				INFOPLIST_FILE = TabMenu/Info.plist;
				LD_RUNPATH_SEARCH_PATHS = (
					"$(inherited)",
					"@executable_path/Frameworks",
				);
				PRODUCT_BUNDLE_IDENTIFIER = org.dragonetail.TabMenu;
				PRODUCT_NAME = "$(TARGET_NAME)";
				SWIFT_VERSION = 4.2;
				TARGETED_DEVICE_FAMILY = "1,2";
			};
			name = Debug;
		};
		D9B7816F21CB6DE200BC156E /* Release */ = {
			isa = XCBuildConfiguration;
			baseConfigurationReference = 5BF08404DBF165DFAE7BFF35 /* Pods-TabMenu.release.xcconfig */;
			buildSettings = {
				ASSETCATALOG_COMPILER_APPICON_NAME = AppIcon;
				CODE_SIGN_STYLE = Automatic;
				DEVELOPMENT_TEAM = 7G352XQC3N;
				INFOPLIST_FILE = TabMenu/Info.plist;
				LD_RUNPATH_SEARCH_PATHS = (
					"$(inherited)",
					"@executable_path/Frameworks",
				);
				PRODUCT_BUNDLE_IDENTIFIER = org.dragonetail.TabMenu;
				PRODUCT_NAME = "$(TARGET_NAME)";
				SWIFT_VERSION = 4.2;
				TARGETED_DEVICE_FAMILY = "1,2";
			};
			name = Release;
		};
/* End XCBuildConfiguration section */

/* Begin XCConfigurationList section */
		D9B7815621CB6DE100BC156E /* Build configuration list for PBXProject "TabMenu" */ = {
			isa = XCConfigurationList;
			buildConfigurations = (
				D9B7816B21CB6DE200BC156E /* Debug */,
				D9B7816C21CB6DE200BC156E /* Release */,
			);
			defaultConfigurationIsVisible = 0;
			defaultConfigurationName = Release;
		};
		D9B7816D21CB6DE200BC156E /* Build configuration list for PBXNativeTarget "TabMenu" */ = {
			isa = XCConfigurationList;
			buildConfigurations = (
				D9B7816E21CB6DE200BC156E /* Debug */,
				D9B7816F21CB6DE200BC156E /* Release */,
			);
			defaultConfigurationIsVisible = 0;
			defaultConfigurationName = Release;
		};
/* End XCConfigurationList section */
	};
	rootObject = D9B7815321CB6DE100BC156E /* Project object */;
}
